
Microsoft Visual Studio Solution File, Format Version 12.00
# Visual Studio Version 17
VisualStudioVersion = 17.6.33723.286
MinimumVisualStudioVersion = 10.0.40219.1
Project("{9A19103F-16F7-4668-BE54-9A1E7A4F7556}") = "ConsoleUI", "ConsoleUI\ConsoleUI.csproj", "{7BCE1D3A-1441-41A3-BF7F-DBB52A930319}"
EndProject
Project("{9A19103F-16F7-4668-BE54-9A1E7A4F7556}") = "WhatThreadAreWeOn", "WhatThreadAreWeOn\WhatThreadAreWeOn.csproj", "{31472228-A71C-4ECE-8235-83B1F7B8FF68}"
EndProject
Project("{FAE04EC0-301F-11D3-BF4B-00C04F79EFBC}") = "AsyncAwaitExample", "AsyncAwaitExample\AsyncAwaitExample.csproj", "{34E8F2BD-4FC1-485A-AF2B-962C6303D10E}"
EndProject
Global
	GlobalSection(SolutionConfigurationPlatforms) = preSolution
		Debug|Any CPU = Debug|Any CPU
		Release|Any CPU = Release|Any CPU
	EndGlobalSection
	GlobalSection(ProjectConfigurationPlatforms) = postSolution
		{7BCE1D3A-1441-41A3-BF7F-DBB52A930319}.Debug|Any CPU.ActiveCfg = Debug|Any CPU
		{7BCE1D3A-1441-41A3-BF7F-DBB52A930319}.Debug|Any CPU.Build.0 = Debug|Any CPU
		{7BCE1D3A-1441-41A3-BF7F-DBB52A930319}.Release|Any CPU.ActiveCfg = Release|Any CPU
		{7BCE1D3A-1441-41A3-BF7F-DBB52A930319}.Release|Any CPU.Build.0 = Release|Any CPU
		{31472228-A71C-4ECE-8235-83B1F7B8FF68}.Debug|Any CPU.ActiveCfg = Debug|Any CPU
		{31472228-A71C-4ECE-8235-83B1F7B8FF68}.Debug|Any CPU.Build.0 = Debug|Any CPU
		{31472228-A71C-4ECE-8235-83B1F7B8FF68}.Release|Any CPU.ActiveCfg = Release|Any CPU
		{31472228-A71C-4ECE-8235-83B1F7B8FF68}.Release|Any CPU.Build.0 = Release|Any CPU
		{34E8F2BD-4FC1-485A-AF2B-962C6303D10E}.Debug|Any CPU.ActiveCfg = Debug|Any CPU
		{34E8F2BD-4FC1-485A-AF2B-962C6303D10E}.Debug|Any CPU.Build.0 = Debug|Any CPU
		{34E8F2BD-4FC1-485A-AF2B-962C6303D10E}.Release|Any CPU.ActiveCfg = Release|Any CPU
		{34E8F2BD-4FC1-485A-AF2B-962C6303D10E}.Release|Any CPU.Build.0 = Release|Any CPU
	EndGlobalSection
	GlobalSection(SolutionProperties) = preSolution
		HideSolutionNode = FALSE
	EndGlobalSection
	GlobalSection(ExtensibilityGlobals) = postSolution
		SolutionGuid = {C1441EB2-7F43-480B-8E47-2E1F7AF485E3}
	EndGlobalSection
EndGlobal
